
Microsoft Visual Studio Solution File, Format Version 12.00
# Visual Studio Version 18
VisualStudioVersion = 18.6.11709.129 insiders
MinimumVisualStudioVersion = 10.0.40219.1
Project("{888888A0-9F3D-457C-B088-3A5042F75D52}") = "python files", "python files.pyproj", "{53534E4F-0093-4698-9335-7D64C9B26FF8}"
EndProject
Global
	GlobalSection(SolutionConfigurationPlatforms) = preSolution
		Debug|Any CPU = Debug|Any CPU
		Release|Any CPU = Release|Any CPU
	EndGlobalSection
	GlobalSection(ProjectConfigurationPlatforms) = postSolution
		{53534E4F-0093-4698-9335-7D64C9B26FF8}.Debug|Any CPU.ActiveCfg = Debug|Any CPU
		{53534E4F-0093-4698-9335-7D64C9B26FF8}.Release|Any CPU.ActiveCfg = Release|Any CPU
	EndGlobalSection
	GlobalSection(SolutionProperties) = preSolution
		HideSolutionNode = FALSE
	EndGlobalSection
	GlobalSection(ExtensibilityGlobals) = postSolution
		SolutionGuid = {CF40BEEE-B404-4C7F-AA5A-14DBA48E1015}
	EndGlobalSection
EndGlobal
